
Microsoft Visual Studio Solution File, Format Version 12.00
# Visual Studio Version 16
VisualStudioVersion = 16.0.30011.22
MinimumVisualStudioVersion = 10.0.40219.1
Project("{9A19103F-16F7-4668-BE54-9A1E7A4F7556}") = "CMS", "CMS\CMS.csproj", "{99F6B9F2-8353-4A34-84FD-5883BA98C7B3}"
EndProject
Project("{9A19103F-16F7-4668-BE54-9A1E7A4F7556}") = "CMS.ViewModel", "CMS.ViewModel\CMS.ViewModel.csproj", "{DB1D3FFA-1D44-4BBF-9C0C-2C7276F3210E}"
EndProject
Project("{9A19103F-16F7-4668-BE54-9A1E7A4F7556}") = "CMS.Mapper", "CMS.Mapper\CMS.Mapper.csproj", "{E7273BE3-C6CB-42FC-A519-E924E12638E5}"
EndProject
Project("{9A19103F-16F7-4668-BE54-9A1E7A4F7556}") = "CMS.Common", "CMS.Common\CMS.Common.csproj", "{143E736C-FDA4-44DF-8DCE-6612292C89B1}"
EndProject
Project("{9A19103F-16F7-4668-BE54-9A1E7A4F7556}") = "CMS.DataLayer", "CMS.DataLayer\CMS.DataLayer.csproj", "{B91B424E-7E97-4810-A599-863F99E740EA}"
EndProject
Project("{9A19103F-16F7-4668-BE54-9A1E7A4F7556}") = "CMS.Entities", "CMS.Entities\CMS.Entities.csproj", "{2BC0055C-54E1-47B7-8BED-5AE57C22D0B7}"
EndProject
Project("{9A19103F-16F7-4668-BE54-9A1E7A4F7556}") = "CMS.ServiceLayer", "CMS.ServiceLayer\CMS.ServiceLayer.csproj", "{BCCBA1CE-9022-4CA6-93C1-F6A4B67BF112}"
EndProject
Project("{9A19103F-16F7-4668-BE54-9A1E7A4F7556}") = "CMS.IocConfig", "CMS.IocConfig\CMS.IocConfig.csproj", "{014D0856-48D6-4D31-8E33-600CE5AE3015}"
EndProject
Project("{9A19103F-16F7-4668-BE54-9A1E7A4F7556}") = "CMS.UnitTest", "CMS.UnitTest\CMS.UnitTest.csproj", "{0F3E4B51-6077-4896-AEF0-A94D4D58BE98}"
EndProject
Global
	GlobalSection(SolutionConfigurationPlatforms) = preSolution
		Debug|Any CPU = Debug|Any CPU
		Release|Any CPU = Release|Any CPU
	EndGlobalSection
	GlobalSection(ProjectConfigurationPlatforms) = postSolution
		{99F6B9F2-8353-4A34-84FD-5883BA98C7B3}.Debug|Any CPU.ActiveCfg = Debug|Any CPU
		{99F6B9F2-8353-4A34-84FD-5883BA98C7B3}.Debug|Any CPU.Build.0 = Debug|Any CPU
		{99F6B9F2-8353-4A34-84FD-5883BA98C7B3}.Release|Any CPU.ActiveCfg = Release|Any CPU
		{99F6B9F2-8353-4A34-84FD-5883BA98C7B3}.Release|Any CPU.Build.0 = Release|Any CPU
		{DB1D3FFA-1D44-4BBF-9C0C-2C7276F3210E}.Debug|Any CPU.ActiveCfg = Debug|Any CPU
		{DB1D3FFA-1D44-4BBF-9C0C-2C7276F3210E}.Debug|Any CPU.Build.0 = Debug|Any CPU
		{DB1D3FFA-1D44-4BBF-9C0C-2C7276F3210E}.Release|Any CPU.ActiveCfg = Release|Any CPU
		{DB1D3FFA-1D44-4BBF-9C0C-2C7276F3210E}.Release|Any CPU.Build.0 = Release|Any CPU
		{E7273BE3-C6CB-42FC-A519-E924E12638E5}.Debug|Any CPU.ActiveCfg = Debug|Any CPU
		{E7273BE3-C6CB-42FC-A519-E924E12638E5}.Debug|Any CPU.Build.0 = Debug|Any CPU
		{E7273BE3-C6CB-42FC-A519-E924E12638E5}.Release|Any CPU.ActiveCfg = Release|Any CPU
		{E7273BE3-C6CB-42FC-A519-E924E12638E5}.Release|Any CPU.Build.0 = Release|Any CPU
		{143E736C-FDA4-44DF-8DCE-6612292C89B1}.Debug|Any CPU.ActiveCfg = Debug|Any CPU
		{143E736C-FDA4-44DF-8DCE-6612292C89B1}.Debug|Any CPU.Build.0 = Debug|Any CPU
		{143E736C-FDA4-44DF-8DCE-6612292C89B1}.Release|Any CPU.ActiveCfg = Release|Any CPU
		{143E736C-FDA4-44DF-8DCE-6612292C89B1}.Release|Any CPU.Build.0 = Release|Any CPU
		{B91B424E-7E97-4810-A599-863F99E740EA}.Debug|Any CPU.ActiveCfg = Debug|Any CPU
		{B91B424E-7E97-4810-A599-863F99E740EA}.Debug|Any CPU.Build.0 = Debug|Any CPU
		{B91B424E-7E97-4810-A599-863F99E740EA}.Release|Any CPU.ActiveCfg = Release|Any CPU
		{B91B424E-7E97-4810-A599-863F99E740EA}.Release|Any CPU.Build.0 = Release|Any CPU
		{2BC0055C-54E1-47B7-8BED-5AE57C22D0B7}.Debug|Any CPU.ActiveCfg = Debug|Any CPU
		{2BC0055C-54E1-47B7-8BED-5AE57C22D0B7}.Debug|Any CPU.Build.0 = Debug|Any CPU
		{2BC0055C-54E1-47B7-8BED-5AE57C22D0B7}.Release|Any CPU.ActiveCfg = Release|Any CPU
		{2BC0055C-54E1-47B7-8BED-5AE57C22D0B7}.Release|Any CPU.Build.0 = Release|Any CPU
		{BCCBA1CE-9022-4CA6-93C1-F6A4B67BF112}.Debug|Any CPU.ActiveCfg = Debug|Any CPU
		{BCCBA1CE-9022-4CA6-93C1-F6A4B67BF112}.Debug|Any CPU.Build.0 = Debug|Any CPU
		{BCCBA1CE-9022-4CA6-93C1-F6A4B67BF112}.Release|Any CPU.ActiveCfg = Release|Any CPU
		{BCCBA1CE-9022-4CA6-93C1-F6A4B67BF112}.Release|Any CPU.Build.0 = Release|Any CPU
		{014D0856-48D6-4D31-8E33-600CE5AE3015}.Debug|Any CPU.ActiveCfg = Debug|Any CPU
		{014D0856-48D6-4D31-8E33-600CE5AE3015}.Debug|Any CPU.Build.0 = Debug|Any CPU
		{014D0856-48D6-4D31-8E33-600CE5AE3015}.Release|Any CPU.ActiveCfg = Release|Any CPU
		{014D0856-48D6-4D31-8E33-600CE5AE3015}.Release|Any CPU.Build.0 = Release|Any CPU
		{0F3E4B51-6077-4896-AEF0-A94D4D58BE98}.Debug|Any CPU.ActiveCfg = Debug|Any CPU
		{0F3E4B51-6077-4896-AEF0-A94D4D58BE98}.Debug|Any CPU.Build.0 = Debug|Any CPU
		{0F3E4B51-6077-4896-AEF0-A94D4D58BE98}.Release|Any CPU.ActiveCfg = Release|Any CPU
		{0F3E4B51-6077-4896-AEF0-A94D4D58BE98}.Release|Any CPU.Build.0 = Release|Any CPU
	EndGlobalSection
	GlobalSection(SolutionProperties) = preSolution
		HideSolutionNode = FALSE
	EndGlobalSection
	GlobalSection(ExtensibilityGlobals) = postSolution
		SolutionGuid = {E5735B7E-9F97-4917-87A4-FBAF84DB99B2}
	EndGlobalSection
EndGlobal
